
Microsoft Visual Studio Solution File, Format Version 12.00
# Visual Studio Version 17
VisualStudioVersion = 17.11.35327.3
MinimumVisualStudioVersion = 10.0.40219.1
Project("{FAE04EC0-301F-11D3-BF4B-00C04F79EFBC}") = "ExerciciosBeecrowd", "ExerciciosBeecrowd.csproj", "{A13E622F-D004-4E0C-B723-C2BB1C0C8669}"
EndProject
Project("{2150E333-8FDC-42A3-9474-1A3956D46DE8}") = "Beecrowd", "Beecrowd", "{13A0F709-F07C-4FF5-9922-113F32562570}"
EndProject
Project("{FAE04EC0-301F-11D3-BF4B-00C04F79EFBC}") = "1002", "..\1002\1002.csproj", "{7C38F961-E837-4E41-A89B-1DFA2BB08FA2}"
EndProject
Project("{FAE04EC0-301F-11D3-BF4B-00C04F79EFBC}") = "1000", "..\1000\1000.csproj", "{3536BE3B-AB51-4029-A48C-E663BD163DAD}"
EndProject
Project("{FAE04EC0-301F-11D3-BF4B-00C04F79EFBC}") = "1001", "..\1001\1001.csproj", "{57632294-41D2-41D3-A5AB-9E11C96A8DAE}"
EndProject
Project("{FAE04EC0-301F-11D3-BF4B-00C04F79EFBC}") = "1003", "..\1003\1003.csproj", "{D30E7FF1-922C-4AEE-A60C-441A43E34B6F}"
EndProject
Project("{FAE04EC0-301F-11D3-BF4B-00C04F79EFBC}") = "1004", "..\1004\1004.csproj", "{4923C994-BBBF-4B70-BA27-8FC33BEFCAEC}"
EndProject
Project("{FAE04EC0-301F-11D3-BF4B-00C04F79EFBC}") = "1005", "..\1005\1005.csproj", "{F2281EA6-9BF8-4758-967B-7A7E161E7DF4}"
EndProject
Project("{FAE04EC0-301F-11D3-BF4B-00C04F79EFBC}") = "1006", "..\1006\1006.csproj", "{2698822C-A4A1-430F-9A61-B3B462DAC6A2}"
EndProject
Project("{FAE04EC0-301F-11D3-BF4B-00C04F79EFBC}") = "1007", "..\1007\1007.csproj", "{E15A0D4A-1882-44C9-94D9-63539A402474}"
EndProject
Project("{FAE04EC0-301F-11D3-BF4B-00C04F79EFBC}") = "1008", "..\1008\1008.csproj", "{C4A8823C-1FDF-4E4A-8ACB-40AB56F47D86}"
EndProject
Project("{FAE04EC0-301F-11D3-BF4B-00C04F79EFBC}") = "1009", "..\1009\1009.csproj", "{8536D064-1C0F-4205-B1C5-334A5F6FA9EB}"
EndProject
Project("{FAE04EC0-301F-11D3-BF4B-00C04F79EFBC}") = "1010", "..\1010\1010.csproj", "{69E9CF3D-4D3E-4662-8286-7A2E1F17C20F}"
EndProject
Project("{FAE04EC0-301F-11D3-BF4B-00C04F79EFBC}") = "1011", "..\1011\1011.csproj", "{12ACD691-9758-4894-AD7F-CBEAF7704629}"
EndProject
Project("{FAE04EC0-301F-11D3-BF4B-00C04F79EFBC}") = "1012", "..\1012\1012.csproj", "{4628E01E-C61F-4478-A4C2-D92C0B03E2FB}"
EndProject
Global
	GlobalSection(SolutionConfigurationPlatforms) = preSolution
		Debug|Any CPU = Debug|Any CPU
		Release|Any CPU = Release|Any CPU
	EndGlobalSection
	GlobalSection(ProjectConfigurationPlatforms) = postSolution
		{A13E622F-D004-4E0C-B723-C2BB1C0C8669}.Debug|Any CPU.ActiveCfg = Debug|Any CPU
		{A13E622F-D004-4E0C-B723-C2BB1C0C8669}.Debug|Any CPU.Build.0 = Debug|Any CPU
		{A13E622F-D004-4E0C-B723-C2BB1C0C8669}.Release|Any CPU.ActiveCfg = Release|Any CPU
		{A13E622F-D004-4E0C-B723-C2BB1C0C8669}.Release|Any CPU.Build.0 = Release|Any CPU
		{7C38F961-E837-4E41-A89B-1DFA2BB08FA2}.Debug|Any CPU.ActiveCfg = Debug|Any CPU
		{7C38F961-E837-4E41-A89B-1DFA2BB08FA2}.Debug|Any CPU.Build.0 = Debug|Any CPU
		{7C38F961-E837-4E41-A89B-1DFA2BB08FA2}.Release|Any CPU.ActiveCfg = Release|Any CPU
		{7C38F961-E837-4E41-A89B-1DFA2BB08FA2}.Release|Any CPU.Build.0 = Release|Any CPU
		{3536BE3B-AB51-4029-A48C-E663BD163DAD}.Debug|Any CPU.ActiveCfg = Debug|Any CPU
		{3536BE3B-AB51-4029-A48C-E663BD163DAD}.Debug|Any CPU.Build.0 = Debug|Any CPU
		{3536BE3B-AB51-4029-A48C-E663BD163DAD}.Release|Any CPU.ActiveCfg = Release|Any CPU
		{3536BE3B-AB51-4029-A48C-E663BD163DAD}.Release|Any CPU.Build.0 = Release|Any CPU
		{57632294-41D2-41D3-A5AB-9E11C96A8DAE}.Debug|Any CPU.ActiveCfg = Debug|Any CPU
		{57632294-41D2-41D3-A5AB-9E11C96A8DAE}.Debug|Any CPU.Build.0 = Debug|Any CPU
		{57632294-41D2-41D3-A5AB-9E11C96A8DAE}.Release|Any CPU.ActiveCfg = Release|Any CPU
		{57632294-41D2-41D3-A5AB-9E11C96A8DAE}.Release|Any CPU.Build.0 = Release|Any CPU
		{D30E7FF1-922C-4AEE-A60C-441A43E34B6F}.Debug|Any CPU.ActiveCfg = Debug|Any CPU
		{D30E7FF1-922C-4AEE-A60C-441A43E34B6F}.Debug|Any CPU.Build.0 = Debug|Any CPU
		{D30E7FF1-922C-4AEE-A60C-441A43E34B6F}.Release|Any CPU.ActiveCfg = Release|Any CPU
		{D30E7FF1-922C-4AEE-A60C-441A43E34B6F}.Release|Any CPU.Build.0 = Release|Any CPU
		{4923C994-BBBF-4B70-BA27-8FC33BEFCAEC}.Debug|Any CPU.ActiveCfg = Debug|Any CPU
		{4923C994-BBBF-4B70-BA27-8FC33BEFCAEC}.Debug|Any CPU.Build.0 = Debug|Any CPU
		{4923C994-BBBF-4B70-BA27-8FC33BEFCAEC}.Release|Any CPU.ActiveCfg = Release|Any CPU
		{4923C994-BBBF-4B70-BA27-8FC33BEFCAEC}.Release|Any CPU.Build.0 = Release|Any CPU
		{F2281EA6-9BF8-4758-967B-7A7E161E7DF4}.Debug|Any CPU.ActiveCfg = Debug|Any CPU
		{F2281EA6-9BF8-4758-967B-7A7E161E7DF4}.Debug|Any CPU.Build.0 = Debug|Any CPU
		{F2281EA6-9BF8-4758-967B-7A7E161E7DF4}.Release|Any CPU.ActiveCfg = Release|Any CPU
		{F2281EA6-9BF8-4758-967B-7A7E161E7DF4}.Release|Any CPU.Build.0 = Release|Any CPU
		{2698822C-A4A1-430F-9A61-B3B462DAC6A2}.Debug|Any CPU.ActiveCfg = Debug|Any CPU
		{2698822C-A4A1-430F-9A61-B3B462DAC6A2}.Debug|Any CPU.Build.0 = Debug|Any CPU
		{2698822C-A4A1-430F-9A61-B3B462DAC6A2}.Release|Any CPU.ActiveCfg = Release|Any CPU
		{2698822C-A4A1-430F-9A61-B3B462DAC6A2}.Release|Any CPU.Build.0 = Release|Any CPU
		{E15A0D4A-1882-44C9-94D9-63539A402474}.Debug|Any CPU.ActiveCfg = Debug|Any CPU
		{E15A0D4A-1882-44C9-94D9-63539A402474}.Debug|Any CPU.Build.0 = Debug|Any CPU
		{E15A0D4A-1882-44C9-94D9-63539A402474}.Release|Any CPU.ActiveCfg = Release|Any CPU
		{E15A0D4A-1882-44C9-94D9-63539A402474}.Release|Any CPU.Build.0 = Release|Any CPU
		{C4A8823C-1FDF-4E4A-8ACB-40AB56F47D86}.Debug|Any CPU.ActiveCfg = Debug|Any CPU
		{C4A8823C-1FDF-4E4A-8ACB-40AB56F47D86}.Debug|Any CPU.Build.0 = Debug|Any CPU
		{C4A8823C-1FDF-4E4A-8ACB-40AB56F47D86}.Release|Any CPU.ActiveCfg = Release|Any CPU
		{C4A8823C-1FDF-4E4A-8ACB-40AB56F47D86}.Release|Any CPU.Build.0 = Release|Any CPU
		{8536D064-1C0F-4205-B1C5-334A5F6FA9EB}.Debug|Any CPU.ActiveCfg = Debug|Any CPU
		{8536D064-1C0F-4205-B1C5-334A5F6FA9EB}.Debug|Any CPU.Build.0 = Debug|Any CPU
		{8536D064-1C0F-4205-B1C5-334A5F6FA9EB}.Release|Any CPU.ActiveCfg = Release|Any CPU
		{8536D064-1C0F-4205-B1C5-334A5F6FA9EB}.Release|Any CPU.Build.0 = Release|Any CPU
		{69E9CF3D-4D3E-4662-8286-7A2E1F17C20F}.Debug|Any CPU.ActiveCfg = Debug|Any CPU
		{69E9CF3D-4D3E-4662-8286-7A2E1F17C20F}.Debug|Any CPU.Build.0 = Debug|Any CPU
		{69E9CF3D-4D3E-4662-8286-7A2E1F17C20F}.Release|Any CPU.ActiveCfg = Release|Any CPU
		{69E9CF3D-4D3E-4662-8286-7A2E1F17C20F}.Release|Any CPU.Build.0 = Release|Any CPU
		{12ACD691-9758-4894-AD7F-CBEAF7704629}.Debug|Any CPU.ActiveCfg = Debug|Any CPU
		{12ACD691-9758-4894-AD7F-CBEAF7704629}.Debug|Any CPU.Build.0 = Debug|Any CPU
		{12ACD691-9758-4894-AD7F-CBEAF7704629}.Release|Any CPU.ActiveCfg = Release|Any CPU
		{12ACD691-9758-4894-AD7F-CBEAF7704629}.Release|Any CPU.Build.0 = Release|Any CPU
		{4628E01E-C61F-4478-A4C2-D92C0B03E2FB}.Debug|Any CPU.ActiveCfg = Debug|Any CPU
		{4628E01E-C61F-4478-A4C2-D92C0B03E2FB}.Debug|Any CPU.Build.0 = Debug|Any CPU
		{4628E01E-C61F-4478-A4C2-D92C0B03E2FB}.Release|Any CPU.ActiveCfg = Release|Any CPU
		{4628E01E-C61F-4478-A4C2-D92C0B03E2FB}.Release|Any CPU.Build.0 = Release|Any CPU
	EndGlobalSection
	GlobalSection(SolutionProperties) = preSolution
		HideSolutionNode = FALSE
	EndGlobalSection
	GlobalSection(NestedProjects) = preSolution
		{7C38F961-E837-4E41-A89B-1DFA2BB08FA2} = {13A0F709-F07C-4FF5-9922-113F32562570}
		{3536BE3B-AB51-4029-A48C-E663BD163DAD} = {13A0F709-F07C-4FF5-9922-113F32562570}
		{57632294-41D2-41D3-A5AB-9E11C96A8DAE} = {13A0F709-F07C-4FF5-9922-113F32562570}
		{D30E7FF1-922C-4AEE-A60C-441A43E34B6F} = {13A0F709-F07C-4FF5-9922-113F32562570}
		{4923C994-BBBF-4B70-BA27-8FC33BEFCAEC} = {13A0F709-F07C-4FF5-9922-113F32562570}
		{F2281EA6-9BF8-4758-967B-7A7E161E7DF4} = {13A0F709-F07C-4FF5-9922-113F32562570}
		{2698822C-A4A1-430F-9A61-B3B462DAC6A2} = {13A0F709-F07C-4FF5-9922-113F32562570}
		{E15A0D4A-1882-44C9-94D9-63539A402474} = {13A0F709-F07C-4FF5-9922-113F32562570}
		{C4A8823C-1FDF-4E4A-8ACB-40AB56F47D86} = {13A0F709-F07C-4FF5-9922-113F32562570}
		{8536D064-1C0F-4205-B1C5-334A5F6FA9EB} = {13A0F709-F07C-4FF5-9922-113F32562570}
		{69E9CF3D-4D3E-4662-8286-7A2E1F17C20F} = {13A0F709-F07C-4FF5-9922-113F32562570}
		{12ACD691-9758-4894-AD7F-CBEAF7704629} = {13A0F709-F07C-4FF5-9922-113F32562570}
		{4628E01E-C61F-4478-A4C2-D92C0B03E2FB} = {13A0F709-F07C-4FF5-9922-113F32562570}
	EndGlobalSection
	GlobalSection(ExtensibilityGlobals) = postSolution
		SolutionGuid = {20D792A6-7DA8-46E8-9CF7-608CE81957E2}
	EndGlobalSection
EndGlobal
